{
  "name": "carbon-icons-lit",
  "version": "0.0.0",
  "lockfileVersion": 3,
  "requires": true,
  "packages": {
    "": {
      "name": "carbon-icons-lit",
      "license": "Apache-2.0",
      "devDependencies": {
        "@carbon/icon-helpers": "^10.45.0",
        "@carbon/icons": "11.30.1",
        "lit-html": "^3.1.0",
        "typescript": "^5.2.2"
      }
    },
    "node_modules/@carbon/icon-helpers": {
      "version": "10.45.0",
      "resolved": "https://registry.npmjs.org/@carbon/icon-helpers/-/icon-helpers-10.45.0.tgz",
      "integrity": "sha512-HP92JjZoccDXwucstEJ9Cx8jq2HHJM/U/vPmgfeXYIaegIGfu2zQkL+MDn/fSzIKvQ+ckK/GCrm89K/S8fbtBA==",
      "dev": true
    },
    "node_modules/@carbon/icons": {
      "version": "11.30.1",
      "resolved": "https://registry.npmjs.org/@carbon/icons/-/icons-11.30.1.tgz",
      "integrity": "sha512-PKJU+QYLfEpsE5aL3EwjPZOaOL8X81a9Aw+HYa4yh9v7k/L4nqndr5oXgR+hheKHerE0/tj+dDqTVopUtd79TA==",
      "dev": true
    },
    "node_modules/@types/trusted-types": {
      "version": "2.0.6",
      "resolved": "https://registry.npmjs.org/@types/trusted-types/-/trusted-types-2.0.6.tgz",
      "integrity": "sha512-HYtNooPvUY9WAVRBr4u+4Qa9fYD1ze2IUlAD3HoA6oehn1taGwBx3Oa52U4mTslTS+GAExKpaFu39Y5xUEwfjg==",
      "dev": true
    },
    "node_modules/lit-html": {
      "version": "3.1.0",
      "resolved": "https://registry.npmjs.org/lit-html/-/lit-html-3.1.0.tgz",
      "integrity": "sha512-FwAjq3iNsaO6SOZXEIpeROlJLUlrbyMkn4iuv4f4u1H40Jw8wkeR/OUXZUHUoiYabGk8Y4Y0F/rgq+R4MrOLmA==",
      "dev": true,
      "dependencies": {
        "@types/trusted-types": "^2.0.2"
      }
    },
    "node_modules/typescript": {
      "version": "5.3.2",
      "resolved": "https://registry.npmjs.org/typescript/-/typescript-5.3.2.tgz",
      "integrity": "sha512-6l+RyNy7oAHDfxC4FzSJcz9vnjTKxrLpDG5M2Vu4SHRVNg6xzqZp6LYSR9zjqQTu8DU/f5xwxUdADOkbrIX2gQ==",
      "dev": true,
      "bin": {
        "tsc": "bin/tsc",
        "tsserver": "bin/tsserver"
      },
      "engines": {
        "node": ">=14.17"
      }
    }
  }
}
